# This file is automatically @generated by Cargo.
# It is not intended for manual editing.
version = 3

[[package]]
name = "ansi_term"
version = "0.11.0"
source = "registry+https://github.com/rust-lang/crates.io-index"
checksum = "ee49baf6cb617b853aa8d93bf420db2383fab46d314482ca2803b40d5fde979b"
dependencies = [
 "winapi",
]

[[package]]
name = "gaussian_elimination"
version = "0.1.0"
dependencies = [
 "matrix_display",
]

[[package]]
name = "matrix_display"
version = "1.0.0"
source = "registry+https://github.com/rust-lang/crates.io-index"
checksum = "a6e1016e698127fd63673a02027597c04ca820909c0f7ccaf5d86f1a5176f7fd"
dependencies = [
 "ansi_term",
 "unicode-width",
 "unicode_types",
]

[[package]]
name = "string_morph"
version = "0.1.0"
source = "registry+https://github.com/rust-lang/crates.io-index"
checksum = "183aaf7fa637cc7b5f54c45b8f7cb6e8d73831f9f75a56b6defa5bf8c51d1699"

[[package]]
name = "unicode-width"
version = "0.1.13"
source = "registry+https://github.com/rust-lang/crates.io-index"
checksum = "0336d538f7abc86d282a4189614dfaa90810dfc2c6f6427eaf88e16311dd225d"

[[package]]
name = "unicode_types"
version = "0.2.0"
source = "registry+https://github.com/rust-lang/crates.io-index"
checksum = "8ad5cf130d9596c1a6a1b2b4b400753ff26b725534f33a7b431f1b798f9726ae"
dependencies = [
 "string_morph",
]

[[package]]
name = "winapi"
version = "0.3.9"
source = "registry+https://github.com/rust-lang/crates.io-index"
checksum = "5c839a674fcd7a98952e593242ea400abe93992746761e38641405d28b00f419"
dependencies = [
 "winapi-i686-pc-windows-gnu",
 "winapi-x86_64-pc-windows-gnu",
]

[[package]]
name = "winapi-i686-pc-windows-gnu"
version = "0.4.0"
source = "registry+https://github.com/rust-lang/crates.io-index"
checksum = "ac3b87c63620426dd9b991e5ce0329eff545bccbbb34f3be09ff6fb6ab51b7b6"

[[package]]
name = "winapi-x86_64-pc-windows-gnu"
version = "0.4.0"
source = "registry+https://github.com/rust-lang/crates.io-index"
checksum = "712e227841d057c1ee1cd2fb22fa7e5a5461ae8e48fa2ca79ec42cfc1931183f"
